
Microsoft Visual Studio Solution File, Format Version 12.00
# Visual Studio Version 16
VisualStudioVersion = 16.0.30204.135
MinimumVisualStudioVersion = 10.0.40219.1
Project("{9A19103F-16F7-4668-BE54-9A1E7A4F7556}") = "Catalogo.App", "src\DevIO.App\Catalogo.App.csproj", "{538EFDDE-871F-4D3C-B5CC-2B1E8F8EA07A}"
EndProject
Project("{9A19103F-16F7-4668-BE54-9A1E7A4F7556}") = "Catalogo.Business", "src\DevIO.Business\Catalogo.Business.csproj", "{1AABBE8C-1DD6-405E-87AA-2B508240247D}"
EndProject
Project("{9A19103F-16F7-4668-BE54-9A1E7A4F7556}") = "Catalogo.Data", "src\DevIO.Data\Catalogo.Data.csproj", "{E4C1C882-090C-4BC0-BEE6-A3FEE873C152}"
EndProject
Global
	GlobalSection(SolutionConfigurationPlatforms) = preSolution
		Debug|Any CPU = Debug|Any CPU
		Release|Any CPU = Release|Any CPU
	EndGlobalSection
	GlobalSection(ProjectConfigurationPlatforms) = postSolution
		{538EFDDE-871F-4D3C-B5CC-2B1E8F8EA07A}.Debug|Any CPU.ActiveCfg = Debug|Any CPU
		{538EFDDE-871F-4D3C-B5CC-2B1E8F8EA07A}.Debug|Any CPU.Build.0 = Debug|Any CPU
		{538EFDDE-871F-4D3C-B5CC-2B1E8F8EA07A}.Release|Any CPU.ActiveCfg = Release|Any CPU
		{538EFDDE-871F-4D3C-B5CC-2B1E8F8EA07A}.Release|Any CPU.Build.0 = Release|Any CPU
		{1AABBE8C-1DD6-405E-87AA-2B508240247D}.Debug|Any CPU.ActiveCfg = Debug|Any CPU
		{1AABBE8C-1DD6-405E-87AA-2B508240247D}.Debug|Any CPU.Build.0 = Debug|Any CPU
		{1AABBE8C-1DD6-405E-87AA-2B508240247D}.Release|Any CPU.ActiveCfg = Release|Any CPU
		{1AABBE8C-1DD6-405E-87AA-2B508240247D}.Release|Any CPU.Build.0 = Release|Any CPU
		{E4C1C882-090C-4BC0-BEE6-A3FEE873C152}.Debug|Any CPU.ActiveCfg = Debug|Any CPU
		{E4C1C882-090C-4BC0-BEE6-A3FEE873C152}.Debug|Any CPU.Build.0 = Debug|Any CPU
		{E4C1C882-090C-4BC0-BEE6-A3FEE873C152}.Release|Any CPU.ActiveCfg = Release|Any CPU
		{E4C1C882-090C-4BC0-BEE6-A3FEE873C152}.Release|Any CPU.Build.0 = Release|Any CPU
	EndGlobalSection
	GlobalSection(SolutionProperties) = preSolution
		HideSolutionNode = FALSE
	EndGlobalSection
	GlobalSection(ExtensibilityGlobals) = postSolution
		SolutionGuid = {0D938ECA-921B-490F-B86F-78E8132A872B}
	EndGlobalSection
EndGlobal
